%{
  "connection": {:hex, :connection, "1.0.4", "a1cae72211f0eef17705aaededacac3eb30e6625b04a6117c1b2db6ace7d5976", [:mix], []},
  "db_connection": {:hex, :db_connection, "2.0.2", "440c05518b0bdca0469dafaf45403597430448c1281def14ef9ccaa41833ea1e", [:mix], [{:connection, "~> 1.0.2", [hex: :connection, repo: "hexpm", optional: false]}], "hexpm"},
  "decimal": {:hex, :decimal, "1.5.0", "b0433a36d0e2430e3d50291b1c65f53c37d56f83665b43d79963684865beab68", [:mix], [], "hexpm"},
  "earmark": {:hex, :earmark, "1.2.6", "b6da42b3831458d3ecc57314dff3051b080b9b2be88c2e5aa41cd642a5b044ed", [:mix], [], "hexpm"},
  "ecto": {:hex, :ecto, "3.0.2", "9d06ece60e2fc9b7593e74ede23747424ef32390016baca85cea3f4b84081c52", [:mix], [{:decimal, "~> 1.5", [hex: :decimal, repo: "hexpm", optional: false]}, {:jason, "~> 1.0", [hex: :jason, repo: "hexpm", optional: true]}, {:poison, "~> 2.2 or ~> 3.0", [hex: :poison, repo: "hexpm", optional: true]}], "hexpm"},
  "ecto_sql": {:hex, :ecto_sql, "3.0.1", "7f0e123a3b4d3b8ac67da6ba3014c53dbed63e614c5086f3e99d01cab5defe27", [:mix], [{:db_connection, "~> 2.0", [hex: :db_connection, repo: "hexpm", optional: false]}, {:ecto, "~> 3.0.2", [hex: :ecto, repo: "hexpm", optional: false]}, {:mariaex, "~> 0.9.1", [hex: :mariaex, repo: "hexpm", optional: true]}, {:postgrex, "~> 0.14.0", [hex: :postgrex, repo: "hexpm", optional: true]}, {:telemetry, "~> 0.2.0", [hex: :telemetry, repo: "hexpm", optional: false]}], "hexpm"},
  "esqlite": {:hex, :esqlite, "0.2.1"},
  "ex_doc": {:hex, :ex_doc, "0.19.1", "519bb9c19526ca51d326c060cb1778d4a9056b190086a8c6c115828eaccea6cf", [:mix], [{:earmark, "~> 1.1", [hex: :earmark, repo: "hexpm", optional: false]}, {:makeup_elixir, "~> 0.7", [hex: :makeup_elixir, repo: "hexpm", optional: false]}], "hexpm"},
  "jason": {:hex, :jason, "1.1.2", "b03dedea67a99223a2eaf9f1264ce37154564de899fd3d8b9a21b1a6fd64afe7", [:mix], [{:decimal, "~> 1.0", [hex: :decimal, repo: "hexpm", optional: true]}], "hexpm"},
  "makeup": {:hex, :makeup, "0.5.1", "966c5c2296da272d42f1de178c1d135e432662eca795d6dc12e5e8787514edf7", [:mix], [{:nimble_parsec, "~> 0.2.2", [hex: :nimble_parsec, repo: "hexpm", optional: false]}], "hexpm"},
  "makeup_elixir": {:hex, :makeup_elixir, "0.8.0", "1204a2f5b4f181775a0e456154830524cf2207cf4f9112215c05e0b76e4eca8b", [:mix], [{:makeup, "~> 0.5.0", [hex: :makeup, repo: "hexpm", optional: false]}, {:nimble_parsec, "~> 0.2.2", [hex: :nimble_parsec, repo: "hexpm", optional: false]}], "hexpm"},
  "nimble_parsec": {:hex, :nimble_parsec, "0.2.2", "d526b23bdceb04c7ad15b33c57c4526bf5f50aaa70c7c141b4b4624555c68259", [:mix], [], "hexpm"},
  "pipe": {:hex, :pipe, "0.0.2"},
  "poison": {:hex, :poison, "3.1.0", "d9eb636610e096f86f25d9a46f35a9facac35609a7591b3be3326e99a0484665", [:mix], []},
  "poolboy": {:hex, :poolboy, "1.5.1", "6b46163901cfd0a1b43d692657ed9d7e599853b3b21b95ae5ae0a777cf9b6ca8", [:rebar], []},
  "postgrex": {:hex, :postgrex, "0.14.0", "f3d6ffea1ca8a156e0633900a5338a3d17b00435227726baed8982718232b694", [:mix], [{:connection, "~> 1.0", [hex: :connection, repo: "hexpm", optional: false]}, {:db_connection, "~> 2.0", [hex: :db_connection, repo: "hexpm", optional: false]}, {:decimal, "~> 1.0", [hex: :decimal, repo: "hexpm", optional: false]}, {:jason, "~> 1.0", [hex: :jason, repo: "hexpm", optional: true]}], "hexpm"},
  "sqlite_ecto": {:hex, :sqlite_ecto, "1.0.2"},
  "sqlitex": {:hex, :sqlitex, "0.8.2"},
  "telemetry": {:hex, :telemetry, "0.2.0", "5b40caa3efe4deb30fb12d7cd8ed4f556f6d6bd15c374c2366772161311ce377", [:mix], [], "hexpm"},
}
