%{
  "bunt": {:hex, :bunt, "1.0.0", "081c2c665f086849e6d57900292b3a161727ab40431219529f13c4ddcf3e7a44", [:mix], [], "hexpm", "dc5f86aa08a5f6fa6b8096f0735c4e76d54ae5c9fa2c143e5a1fc7c1cd9bb6b5"},
  "credo": {:hex, :credo, "1.7.8", "9722ba1681e973025908d542ec3d95db5f9c549251ba5b028e251ad8c24ab8c5", [:mix], [{:bunt, "~> 0.2.1 or ~> 1.0", [hex: :bunt, repo: "hexpm", optional: false]}, {:file_system, "~> 0.2 or ~> 1.0", [hex: :file_system, repo: "hexpm", optional: false]}, {:jason, "~> 1.0", [hex: :jason, repo: "hexpm", optional: false]}], "hexpm", "cb9e87cc64f152f3ed1c6e325e7b894dea8f5ef2e41123bd864e3cd5ceb44968"},
  "db_connection": {:hex, :db_connection, "2.7.0", "b99faa9291bb09892c7da373bb82cba59aefa9b36300f6145c5f201c7adf48ec", [:mix], [{:telemetry, "~> 0.4 or ~> 1.0", [hex: :telemetry, repo: "hexpm", optional: false]}], "hexpm", "dcf08f31b2701f857dfc787fbad78223d61a32204f217f15e881dd93e4bdd3ff"},
  "decimal": {:hex, :decimal, "2.1.1", "5611dca5d4b2c3dd497dec8f68751f1f1a54755e8ed2a966c2633cf885973ad6", [:mix], [], "hexpm", "53cfe5f497ed0e7771ae1a475575603d77425099ba5faef9394932b35020ffcc"},
  "dialyxir": {:hex, :dialyxir, "1.4.4", "fb3ce8741edeaea59c9ae84d5cec75da00fa89fe401c72d6e047d11a61f65f70", [:mix], [{:erlex, ">= 0.2.7", [hex: :erlex, repo: "hexpm", optional: false]}], "hexpm", "cd6111e8017ccd563e65621a4d9a4a1c5cd333df30cebc7face8029cacb4eff6"},
  "doctor": {:hex, :doctor, "0.21.0", "20ef89355c67778e206225fe74913e96141c4d001cb04efdeba1a2a9704f1ab5", [:mix], [{:decimal, "~> 2.0", [hex: :decimal, repo: "hexpm", optional: false]}], "hexpm", "a227831daa79784eb24cdeedfa403c46a4cb7d0eab0e31232ec654314447e4e0"},
  "earmark_parser": {:hex, :earmark_parser, "1.4.41", "ab34711c9dc6212dda44fcd20ecb87ac3f3fce6f0ca2f28d4a00e4154f8cd599", [:mix], [], "hexpm", "a81a04c7e34b6617c2792e291b5a2e57ab316365c2644ddc553bb9ed863ebefa"},
  "ecto": {:hex, :ecto, "3.12.4", "267c94d9f2969e6acc4dd5e3e3af5b05cdae89a4d549925f3008b2b7eb0b93c3", [:mix], [{:decimal, "~> 2.0", [hex: :decimal, repo: "hexpm", optional: false]}, {:jason, "~> 1.0", [hex: :jason, repo: "hexpm", optional: true]}, {:telemetry, "~> 0.4 or ~> 1.0", [hex: :telemetry, repo: "hexpm", optional: false]}], "hexpm", "ef04e4101688a67d061e1b10d7bc1fbf00d1d13c17eef08b71d070ff9188f747"},
  "ecto_sql": {:hex, :ecto_sql, "3.12.1", "c0d0d60e85d9ff4631f12bafa454bc392ce8b9ec83531a412c12a0d415a3a4d0", [:mix], [{:db_connection, "~> 2.4.1 or ~> 2.5", [hex: :db_connection, repo: "hexpm", optional: false]}, {:ecto, "~> 3.12", [hex: :ecto, repo: "hexpm", optional: false]}, {:myxql, "~> 0.7", [hex: :myxql, repo: "hexpm", optional: true]}, {:postgrex, "~> 0.19 or ~> 1.0", [hex: :postgrex, repo: "hexpm", optional: true]}, {:tds, "~> 2.1.1 or ~> 2.2", [hex: :tds, repo: "hexpm", optional: true]}, {:telemetry, "~> 0.4.0 or ~> 1.0", [hex: :telemetry, repo: "hexpm", optional: false]}], "hexpm", "aff5b958a899762c5f09028c847569f7dfb9cc9d63bdb8133bff8a5546de6bf5"},
  "erlex": {:hex, :erlex, "0.2.7", "810e8725f96ab74d17aac676e748627a07bc87eb950d2b83acd29dc047a30595", [:mix], [], "hexpm", "3ed95f79d1a844c3f6bf0cea61e0d5612a42ce56da9c03f01df538685365efb0"},
  "ex_doc": {:hex, :ex_doc, "0.34.2", "13eedf3844ccdce25cfd837b99bea9ad92c4e511233199440488d217c92571e8", [:mix], [{:earmark_parser, "~> 1.4.39", [hex: :earmark_parser, repo: "hexpm", optional: false]}, {:makeup_c, ">= 0.1.0", [hex: :makeup_c, repo: "hexpm", optional: true]}, {:makeup_elixir, "~> 0.14 or ~> 1.0", [hex: :makeup_elixir, repo: "hexpm", optional: false]}, {:makeup_erlang, "~> 0.1 or ~> 1.0", [hex: :makeup_erlang, repo: "hexpm", optional: false]}, {:makeup_html, ">= 0.1.0", [hex: :makeup_html, repo: "hexpm", optional: true]}], "hexpm", "5ce5f16b41208a50106afed3de6a2ed34f4acfd65715b82a0b84b49d995f95c1"},
  "excoveralls": {:hex, :excoveralls, "0.18.3", "bca47a24d69a3179951f51f1db6d3ed63bca9017f476fe520eb78602d45f7756", [:mix], [{:castore, "~> 1.0", [hex: :castore, repo: "hexpm", optional: true]}, {:jason, "~> 1.0", [hex: :jason, repo: "hexpm", optional: false]}], "hexpm", "746f404fcd09d5029f1b211739afb8fb8575d775b21f6a3908e7ce3e640724c6"},
  "file_system": {:hex, :file_system, "1.0.1", "79e8ceaddb0416f8b8cd02a0127bdbababe7bf4a23d2a395b983c1f8b3f73edd", [:mix], [], "hexpm", "4414d1f38863ddf9120720cd976fce5bdde8e91d8283353f0e31850fa89feb9e"},
  "jason": {:hex, :jason, "1.4.4", "b9226785a9aa77b6857ca22832cffa5d5011a667207eb2a0ad56adb5db443b8a", [:mix], [{:decimal, "~> 1.0 or ~> 2.0", [hex: :decimal, repo: "hexpm", optional: true]}], "hexpm", "c5eb0cab91f094599f94d55bc63409236a8ec69a21a67814529e8d5f6cc90b3b"},
  "makeup": {:hex, :makeup, "1.1.2", "9ba8837913bdf757787e71c1581c21f9d2455f4dd04cfca785c70bbfff1a76a3", [:mix], [{:nimble_parsec, "~> 1.2.2 or ~> 1.3", [hex: :nimble_parsec, repo: "hexpm", optional: false]}], "hexpm", "cce1566b81fbcbd21eca8ffe808f33b221f9eee2cbc7a1706fc3da9ff18e6cac"},
  "makeup_elixir": {:hex, :makeup_elixir, "0.16.2", "627e84b8e8bf22e60a2579dad15067c755531fea049ae26ef1020cad58fe9578", [:mix], [{:makeup, "~> 1.0", [hex: :makeup, repo: "hexpm", optional: false]}, {:nimble_parsec, "~> 1.2.3 or ~> 1.3", [hex: :nimble_parsec, repo: "hexpm", optional: false]}], "hexpm", "41193978704763f6bbe6cc2758b84909e62984c7752b3784bd3c218bb341706b"},
  "makeup_erlang": {:hex, :makeup_erlang, "1.0.1", "c7f58c120b2b5aa5fd80d540a89fdf866ed42f1f3994e4fe189abebeab610839", [:mix], [{:makeup, "~> 1.0", [hex: :makeup, repo: "hexpm", optional: false]}], "hexpm", "8a89a1eeccc2d798d6ea15496a6e4870b75e014d1af514b1b71fa33134f57814"},
  "nimble_parsec": {:hex, :nimble_parsec, "1.4.0", "51f9b613ea62cfa97b25ccc2c1b4216e81df970acd8e16e8d1bdc58fef21370d", [:mix], [], "hexpm", "9c565862810fb383e9838c1dd2d7d2c437b3d13b267414ba6af33e50d2d1cf28"},
  "postgrex": {:hex, :postgrex, "0.19.2", "34d6884a332c7bf1e367fc8b9a849d23b43f7da5c6e263def92784d03f9da468", [:mix], [{:db_connection, "~> 2.1", [hex: :db_connection, repo: "hexpm", optional: false]}, {:decimal, "~> 1.5 or ~> 2.0", [hex: :decimal, repo: "hexpm", optional: false]}, {:jason, "~> 1.0", [hex: :jason, repo: "hexpm", optional: true]}, {:table, "~> 0.1.0", [hex: :table, repo: "hexpm", optional: true]}], "hexpm", "618988886ab7ae8561ebed9a3c7469034bf6a88b8995785a3378746a4b9835ec"},
  "telemetry": {:hex, :telemetry, "1.3.0", "fedebbae410d715cf8e7062c96a1ef32ec22e764197f70cda73d82778d61e7a2", [:rebar3], [], "hexpm", "7015fc8919dbe63764f4b4b87a95b7c0996bd539e0d499be6ec9d7f3875b79e6"},
}
